{
  "pins" : [
    {
      "identity" : "sdedownloadmanager",
      "kind" : "remoteSourceControl",
      "location" : "https://github.com/maziar/SDEDownloadManager.git",
      "state" : {
        "branch" : "master",
        "revision" : "516ed8ff1a7d4203b7e64da1e93d6e8dc54eeb99"
      }
    }
  ],
  "version" : 2
}
